
Microsoft Visual Studio Solution File, Format Version 12.00
# Visual Studio 15
VisualStudioVersion = 15.0.28010.2041
MinimumVisualStudioVersion = 10.0.40219.1
Project("{9A19103F-16F7-4668-BE54-9A1E7A4F7556}") = "ShoppingCartV2", "ShoppingCartV2.csproj", "{AFB9C424-D389-4A1F-B7E3-C8D170AE1912}"
EndProject
Global
	GlobalSection(SolutionConfigurationPlatforms) = preSolution
		Debug|Any CPU = Debug|Any CPU
		Release|Any CPU = Release|Any CPU
	EndGlobalSection
	GlobalSection(ProjectConfigurationPlatforms) = postSolution
		{AFB9C424-D389-4A1F-B7E3-C8D170AE1912}.Debug|Any CPU.ActiveCfg = Debug|Any CPU
		{AFB9C424-D389-4A1F-B7E3-C8D170AE1912}.Debug|Any CPU.Build.0 = Debug|Any CPU
		{AFB9C424-D389-4A1F-B7E3-C8D170AE1912}.Release|Any CPU.ActiveCfg = Release|Any CPU
		{AFB9C424-D389-4A1F-B7E3-C8D170AE1912}.Release|Any CPU.Build.0 = Release|Any CPU
	EndGlobalSection
	GlobalSection(SolutionProperties) = preSolution
		HideSolutionNode = FALSE
	EndGlobalSection
	GlobalSection(ExtensibilityGlobals) = postSolution
		SolutionGuid = {5C055953-5EB1-496C-B210-F68BA32B4306}
	EndGlobalSection
EndGlobal
