
Microsoft Visual Studio Solution File, Format Version 12.00
# Visual Studio 15
VisualStudioVersion = 15.0.28010.2041
MinimumVisualStudioVersion = 10.0.40219.1
Project("{9A19103F-16F7-4668-BE54-9A1E7A4F7556}") = "ShoppingCart", "ShoppingCart.csproj", "{DED31969-DE19-40A7-A31F-225D7380AC32}"
EndProject
Global
	GlobalSection(SolutionConfigurationPlatforms) = preSolution
		Debug|Any CPU = Debug|Any CPU
		Release|Any CPU = Release|Any CPU
	EndGlobalSection
	GlobalSection(ProjectConfigurationPlatforms) = postSolution
		{DED31969-DE19-40A7-A31F-225D7380AC32}.Debug|Any CPU.ActiveCfg = Debug|Any CPU
		{DED31969-DE19-40A7-A31F-225D7380AC32}.Debug|Any CPU.Build.0 = Debug|Any CPU
		{DED31969-DE19-40A7-A31F-225D7380AC32}.Release|Any CPU.ActiveCfg = Release|Any CPU
		{DED31969-DE19-40A7-A31F-225D7380AC32}.Release|Any CPU.Build.0 = Release|Any CPU
	EndGlobalSection
	GlobalSection(SolutionProperties) = preSolution
		HideSolutionNode = FALSE
	EndGlobalSection
	GlobalSection(ExtensibilityGlobals) = postSolution
		SolutionGuid = {6D55CF7B-5930-489D-8D08-FB0692F4DA0F}
	EndGlobalSection
EndGlobal
