
Microsoft Visual Studio Solution File, Format Version 12.00
# Visual Studio 15
VisualStudioVersion = 15.0.28010.2041
MinimumVisualStudioVersion = 10.0.40219.1
Project("{9A19103F-16F7-4668-BE54-9A1E7A4F7556}") = "PasswordChecker", "PasswordChecker.csproj", "{DAD516DA-E46A-44A2-902D-234B1950E5AB}"
EndProject
Global
	GlobalSection(SolutionConfigurationPlatforms) = preSolution
		Debug|Any CPU = Debug|Any CPU
		Release|Any CPU = Release|Any CPU
	EndGlobalSection
	GlobalSection(ProjectConfigurationPlatforms) = postSolution
		{DAD516DA-E46A-44A2-902D-234B1950E5AB}.Debug|Any CPU.ActiveCfg = Debug|Any CPU
		{DAD516DA-E46A-44A2-902D-234B1950E5AB}.Debug|Any CPU.Build.0 = Debug|Any CPU
		{DAD516DA-E46A-44A2-902D-234B1950E5AB}.Release|Any CPU.ActiveCfg = Release|Any CPU
		{DAD516DA-E46A-44A2-902D-234B1950E5AB}.Release|Any CPU.Build.0 = Release|Any CPU
	EndGlobalSection
	GlobalSection(SolutionProperties) = preSolution
		HideSolutionNode = FALSE
	EndGlobalSection
	GlobalSection(ExtensibilityGlobals) = postSolution
		SolutionGuid = {739E0081-4422-4159-A2D5-81DA8B578C02}
	EndGlobalSection
EndGlobal
