
Microsoft Visual Studio Solution File, Format Version 12.00
# Visual Studio 15
VisualStudioVersion = 15.0.28010.2041
MinimumVisualStudioVersion = 10.0.40219.1
Project("{9A19103F-16F7-4668-BE54-9A1E7A4F7556}") = "StudentGrades", "StudentGrades.csproj", "{8E6071B5-AFC6-4CE6-9F17-C6BBA3684F1A}"
EndProject
Global
	GlobalSection(SolutionConfigurationPlatforms) = preSolution
		Debug|Any CPU = Debug|Any CPU
		Release|Any CPU = Release|Any CPU
	EndGlobalSection
	GlobalSection(ProjectConfigurationPlatforms) = postSolution
		{8E6071B5-AFC6-4CE6-9F17-C6BBA3684F1A}.Debug|Any CPU.ActiveCfg = Debug|Any CPU
		{8E6071B5-AFC6-4CE6-9F17-C6BBA3684F1A}.Debug|Any CPU.Build.0 = Debug|Any CPU
		{8E6071B5-AFC6-4CE6-9F17-C6BBA3684F1A}.Release|Any CPU.ActiveCfg = Release|Any CPU
		{8E6071B5-AFC6-4CE6-9F17-C6BBA3684F1A}.Release|Any CPU.Build.0 = Release|Any CPU
	EndGlobalSection
	GlobalSection(SolutionProperties) = preSolution
		HideSolutionNode = FALSE
	EndGlobalSection
	GlobalSection(ExtensibilityGlobals) = postSolution
		SolutionGuid = {3F6C22EA-C247-4BA8-9CD5-100E0B1B9B03}
	EndGlobalSection
EndGlobal
