
Microsoft Visual Studio Solution File, Format Version 12.00
# Visual Studio 15
VisualStudioVersion = 15.0.28010.2041
MinimumVisualStudioVersion = 10.0.40219.1
Project("{9A19103F-16F7-4668-BE54-9A1E7A4F7556}") = "AverageGrades", "AverageGrades.csproj", "{FD47AF96-2A91-4CA8-90F4-C349A91C6B01}"
EndProject
Global
	GlobalSection(SolutionConfigurationPlatforms) = preSolution
		Debug|Any CPU = Debug|Any CPU
		Release|Any CPU = Release|Any CPU
	EndGlobalSection
	GlobalSection(ProjectConfigurationPlatforms) = postSolution
		{FD47AF96-2A91-4CA8-90F4-C349A91C6B01}.Debug|Any CPU.ActiveCfg = Debug|Any CPU
		{FD47AF96-2A91-4CA8-90F4-C349A91C6B01}.Debug|Any CPU.Build.0 = Debug|Any CPU
		{FD47AF96-2A91-4CA8-90F4-C349A91C6B01}.Release|Any CPU.ActiveCfg = Release|Any CPU
		{FD47AF96-2A91-4CA8-90F4-C349A91C6B01}.Release|Any CPU.Build.0 = Release|Any CPU
	EndGlobalSection
	GlobalSection(SolutionProperties) = preSolution
		HideSolutionNode = FALSE
	EndGlobalSection
	GlobalSection(ExtensibilityGlobals) = postSolution
		SolutionGuid = {BB90DB19-20F5-439B-A986-73CEB82D4E9E}
	EndGlobalSection
EndGlobal
